
Microsoft Visual Studio Solution File, Format Version 12.00
# Visual Studio Version 16
VisualStudioVersion = 16.0.29001.49
MinimumVisualStudioVersion = 10.0.40219.1
Project("{FAE04EC0-301F-11D3-BF4B-00C04F79EFBC}") = "Assignment 2", "Assignment 2\Assignment 2.csproj", "{E358221F-96D1-4ACE-A831-9DD4459F7133}"
EndProject
Global
	GlobalSection(SolutionConfigurationPlatforms) = preSolution
		Debug|Any CPU = Debug|Any CPU
		Release|Any CPU = Release|Any CPU
	EndGlobalSection
	GlobalSection(ProjectConfigurationPlatforms) = postSolution
		{E358221F-96D1-4ACE-A831-9DD4459F7133}.Debug|Any CPU.ActiveCfg = Debug|Any CPU
		{E358221F-96D1-4ACE-A831-9DD4459F7133}.Debug|Any CPU.Build.0 = Debug|Any CPU
		{E358221F-96D1-4ACE-A831-9DD4459F7133}.Release|Any CPU.ActiveCfg = Release|Any CPU
		{E358221F-96D1-4ACE-A831-9DD4459F7133}.Release|Any CPU.Build.0 = Release|Any CPU
	EndGlobalSection
	GlobalSection(SolutionProperties) = preSolution
		HideSolutionNode = FALSE
	EndGlobalSection
	GlobalSection(ExtensibilityGlobals) = postSolution
		SolutionGuid = {5CC672E0-6CB7-4BE8-B36C-A73CD301604C}
	EndGlobalSection
EndGlobal
